// !$*UTF8*$!
{
	archiveVersion = 1;
	classes = {
	};
	objectVersion = 54;
	objects = {

/* Begin PBXBuildFile section */
		7F65178F27DFB78F008C635E /* Helpers.swift in Sources */ = {isa = PBXBuildFile; fileRef = 7F65178E27DFB78F008C635E /* Helpers.swift */; };
		7F65179327DFB7CE008C635E /* LoadingViewController.swift in Sources */ = {isa = PBXBuildFile; fileRef = 7F65179227DFB7CE008C635E /* LoadingViewController.swift */; };
		7F65179927DFCD40008C635E /* Utilities.swift in Sources */ = {isa = PBXBuildFile; fileRef = 7F65179827DFCD40008C635E /* Utilities.swift */; };
		7F6517A327DFE970008C635E /* Constants.swift in Sources */ = {isa = PBXBuildFile; fileRef = 7F6517A227DFE970008C635E /* Constants.swift */; };
		7F65183327E37A2F008C635E /* UserHomeViewController.swift in Sources */ = {isa = PBXBuildFile; fileRef = 7F65183227E37A2F008C635E /* UserHomeViewController.swift */; };
		7F65183827E3849D008C635E /* PresenterManager.swift in Sources */ = {isa = PBXBuildFile; fileRef = 7F65183727E3849D008C635E /* PresenterManager.swift */; };
		7F65184E27E4F93F008C635E /* QuizSlide.swift in Sources */ = {isa = PBXBuildFile; fileRef = 7F65184D27E4F93F008C635E /* QuizSlide.swift */; };
		7F65185227E50179008C635E /* SelectQuizCollectionViewCell.swift in Sources */ = {isa = PBXBuildFile; fileRef = 7F65185127E50179008C635E /* SelectQuizCollectionViewCell.swift */; };
		7F65195627E91DAB008C635E /* SessionManager.swift in Sources */ = {isa = PBXBuildFile; fileRef = 7F65195527E91DAA008C635E /* SessionManager.swift */; };
		84A5DB1227E4E60D00AFD467 /* UserModels.swift in Sources */ = {isa = PBXBuildFile; fileRef = 84A5DB0827E4E60D00AFD467 /* UserModels.swift */; };
		84A5DB1327E4E60D00AFD467 /* Login.swift in Sources */ = {isa = PBXBuildFile; fileRef = 84A5DB0927E4E60D00AFD467 /* Login.swift */; };
		84A5DB1427E4E60D00AFD467 /* ReviewModels.swift in Sources */ = {isa = PBXBuildFile; fileRef = 84A5DB0A27E4E60D00AFD467 /* ReviewModels.swift */; };
		84A5DB1527E4E60D00AFD467 /* ScoreBoardModels.swift in Sources */ = {isa = PBXBuildFile; fileRef = 84A5DB0B27E4E60D00AFD467 /* ScoreBoardModels.swift */; };
		84A5DB1627E4E60D00AFD467 /* TechnologyModel.swift in Sources */ = {isa = PBXBuildFile; fileRef = 84A5DB0C27E4E60D00AFD467 /* TechnologyModel.swift */; };
		84A5DB1727E4E60D00AFD467 /* DBCRUD.swift in Sources */ = {isa = PBXBuildFile; fileRef = 84A5DB0D27E4E60D00AFD467 /* DBCRUD.swift */; };
		84A5DB1827E4E60D00AFD467 /* QuizModels.swift in Sources */ = {isa = PBXBuildFile; fileRef = 84A5DB0E27E4E60D00AFD467 /* QuizModels.swift */; };
		84A5DB1927E4E60D00AFD467 /* DBInit.swift in Sources */ = {isa = PBXBuildFile; fileRef = 84A5DB0F27E4E60D00AFD467 /* DBInit.swift */; };
		84A5DB1A27E4E60D00AFD467 /* QuestionModels.swift in Sources */ = {isa = PBXBuildFile; fileRef = 84A5DB1027E4E60D00AFD467 /* QuestionModels.swift */; };
		84A5DB1B27E4E60D00AFD467 /* PrizeModels.swift in Sources */ = {isa = PBXBuildFile; fileRef = 84A5DB1127E4E60D00AFD467 /* PrizeModels.swift */; };
		9A273DB427E6E7CF00567C9C /* QuizPageControl.swift in Sources */ = {isa = PBXBuildFile; fileRef = 9A273DB327E6E7CF00567C9C /* QuizPageControl.swift */; };
		9A55634027E5689500997B21 /* GameOverViewController.swift in Sources */ = {isa = PBXBuildFile; fileRef = 9A55633F27E5689500997B21 /* GameOverViewController.swift */; };
		9A55634727E56A9C00997B21 /* Vingy Normal.ttf in Resources */ = {isa = PBXBuildFile; fileRef = 9A55634627E56A9C00997B21 /* Vingy Normal.ttf */; };
		9A55634927E56F8A00997B21 /* alarm clock.ttf in Resources */ = {isa = PBXBuildFile; fileRef = 9A55634827E56DD400997B21 /* alarm clock.ttf */; };
		9A55634B27E58B6400997B21 /* IOSHomeViewController.swift in Sources */ = {isa = PBXBuildFile; fileRef = 9A55634A27E58B6400997B21 /* IOSHomeViewController.swift */; };
		9A6FD1F527E76B08009B6FB8 /* wrong-answer.wav in Resources */ = {isa = PBXBuildFile; fileRef = 9A6FD1F327E76B08009B6FB8 /* wrong-answer.wav */; };
		9A6FD1F627E76B08009B6FB8 /* correct-answer.mp3 in Resources */ = {isa = PBXBuildFile; fileRef = 9A6FD1F427E76B08009B6FB8 /* correct-answer.mp3 */; };
		9AB2C3B327DC62D300B8E171 /* AppDelegate.swift in Sources */ = {isa = PBXBuildFile; fileRef = 9AB2C3B227DC62D300B8E171 /* AppDelegate.swift */; };
		9AB2C3B527DC62D300B8E171 /* SceneDelegate.swift in Sources */ = {isa = PBXBuildFile; fileRef = 9AB2C3B427DC62D300B8E171 /* SceneDelegate.swift */; };
		9AB2C3B727DC62D300B8E171 /* InitialViewController.swift in Sources */ = {isa = PBXBuildFile; fileRef = 9AB2C3B627DC62D300B8E171 /* InitialViewController.swift */; };
		9AB2C3BA27DC62D300B8E171 /* Main.storyboard in Resources */ = {isa = PBXBuildFile; fileRef = 9AB2C3B827DC62D300B8E171 /* Main.storyboard */; };
		9AB2C3BC27DC62D500B8E171 /* Assets.xcassets in Resources */ = {isa = PBXBuildFile; fileRef = 9AB2C3BB27DC62D500B8E171 /* Assets.xcassets */; };
		9AB2C3BF27DC62D500B8E171 /* LaunchScreen.storyboard in Resources */ = {isa = PBXBuildFile; fileRef = 9AB2C3BD27DC62D500B8E171 /* LaunchScreen.storyboard */; };
		9AB2C3CC27DC6CB300B8E171 /* LoginViewController.swift in Sources */ = {isa = PBXBuildFile; fileRef = 9AB2C3CB27DC6CB300B8E171 /* LoginViewController.swift */; };
		9AB2C3CE27DC6CD800B8E171 /* SignUpViewController.swift in Sources */ = {isa = PBXBuildFile; fileRef = 9AB2C3CD27DC6CD800B8E171 /* SignUpViewController.swift */; };
		9AB2C3D027DC6DF100B8E171 /* JavaViewController.swift in Sources */ = {isa = PBXBuildFile; fileRef = 9AB2C3CF27DC6DF100B8E171 /* JavaViewController.swift */; };
		9AB2C3D227DC6E0100B8E171 /* IOSViewController.swift in Sources */ = {isa = PBXBuildFile; fileRef = 9AB2C3D127DC6E0100B8E171 /* IOSViewController.swift */; };
		9AB2C3D427DC6E1500B8E171 /* AndroidViewController.swift in Sources */ = {isa = PBXBuildFile; fileRef = 9AB2C3D327DC6E1500B8E171 /* AndroidViewController.swift */; };
		9AB2C3D627DC6E3C00B8E171 /* AdminHomeViewController.swift in Sources */ = {isa = PBXBuildFile; fileRef = 9AB2C3D527DC6E3C00B8E171 /* AdminHomeViewController.swift */; };
		C240893527E8A88A001981A7 /* Quiz_Editor.swift in Sources */ = {isa = PBXBuildFile; fileRef = C240893427E8A88A001981A7 /* Quiz_Editor.swift */; };
/* End PBXBuildFile section */

/* Begin PBXFileReference section */
		7F65178E27DFB78F008C635E /* Helpers.swift */ = {isa = PBXFileReference; lastKnownFileType = sourcecode.swift; path = Helpers.swift; sourceTree = "<group>"; };
		7F65179227DFB7CE008C635E /* LoadingViewController.swift */ = {isa = PBXFileReference; lastKnownFileType = sourcecode.swift; path = LoadingViewController.swift; sourceTree = "<group>"; };
		7F65179827DFCD40008C635E /* Utilities.swift */ = {isa = PBXFileReference; lastKnownFileType = sourcecode.swift; path = Utilities.swift; sourceTree = "<group>"; };
		7F6517A227DFE970008C635E /* Constants.swift */ = {isa = PBXFileReference; lastKnownFileType = sourcecode.swift; path = Constants.swift; sourceTree = "<group>"; };
		7F65183227E37A2F008C635E /* UserHomeViewController.swift */ = {isa = PBXFileReference; lastKnownFileType = sourcecode.swift; path = UserHomeViewController.swift; sourceTree = "<group>"; };
		7F65183727E3849D008C635E /* PresenterManager.swift */ = {isa = PBXFileReference; lastKnownFileType = sourcecode.swift; path = PresenterManager.swift; sourceTree = "<group>"; };
		7F65184D27E4F93F008C635E /* QuizSlide.swift */ = {isa = PBXFileReference; lastKnownFileType = sourcecode.swift; path = QuizSlide.swift; sourceTree = "<group>"; };
		7F65185127E50179008C635E /* SelectQuizCollectionViewCell.swift */ = {isa = PBXFileReference; lastKnownFileType = sourcecode.swift; path = SelectQuizCollectionViewCell.swift; sourceTree = "<group>"; };
		7F65195527E91DAA008C635E /* SessionManager.swift */ = {isa = PBXFileReference; lastKnownFileType = sourcecode.swift; path = SessionManager.swift; sourceTree = "<group>"; };
		84A5DB0827E4E60D00AFD467 /* UserModels.swift */ = {isa = PBXFileReference; fileEncoding = 4; lastKnownFileType = sourcecode.swift; path = UserModels.swift; sourceTree = "<group>"; };
		84A5DB0927E4E60D00AFD467 /* Login.swift */ = {isa = PBXFileReference; fileEncoding = 4; lastKnownFileType = sourcecode.swift; path = Login.swift; sourceTree = "<group>"; };
		84A5DB0A27E4E60D00AFD467 /* ReviewModels.swift */ = {isa = PBXFileReference; fileEncoding = 4; lastKnownFileType = sourcecode.swift; path = ReviewModels.swift; sourceTree = "<group>"; };
		84A5DB0B27E4E60D00AFD467 /* ScoreBoardModels.swift */ = {isa = PBXFileReference; fileEncoding = 4; lastKnownFileType = sourcecode.swift; path = ScoreBoardModels.swift; sourceTree = "<group>"; };
		84A5DB0C27E4E60D00AFD467 /* TechnologyModel.swift */ = {isa = PBXFileReference; fileEncoding = 4; lastKnownFileType = sourcecode.swift; path = TechnologyModel.swift; sourceTree = "<group>"; };
		84A5DB0D27E4E60D00AFD467 /* DBCRUD.swift */ = {isa = PBXFileReference; fileEncoding = 4; lastKnownFileType = sourcecode.swift; path = DBCRUD.swift; sourceTree = "<group>"; };
		84A5DB0E27E4E60D00AFD467 /* QuizModels.swift */ = {isa = PBXFileReference; fileEncoding = 4; lastKnownFileType = sourcecode.swift; path = QuizModels.swift; sourceTree = "<group>"; };
		84A5DB0F27E4E60D00AFD467 /* DBInit.swift */ = {isa = PBXFileReference; fileEncoding = 4; lastKnownFileType = sourcecode.swift; path = DBInit.swift; sourceTree = "<group>"; };
		84A5DB1027E4E60D00AFD467 /* QuestionModels.swift */ = {isa = PBXFileReference; fileEncoding = 4; lastKnownFileType = sourcecode.swift; path = QuestionModels.swift; sourceTree = "<group>"; };
		84A5DB1127E4E60D00AFD467 /* PrizeModels.swift */ = {isa = PBXFileReference; fileEncoding = 4; lastKnownFileType = sourcecode.swift; path = PrizeModels.swift; sourceTree = "<group>"; };
		9A273DB327E6E7CF00567C9C /* QuizPageControl.swift */ = {isa = PBXFileReference; lastKnownFileType = sourcecode.swift; path = QuizPageControl.swift; sourceTree = "<group>"; };
		9A55633F27E5689500997B21 /* GameOverViewController.swift */ = {isa = PBXFileReference; lastKnownFileType = sourcecode.swift; path = GameOverViewController.swift; sourceTree = "<group>"; };
		9A55634627E56A9C00997B21 /* Vingy Normal.ttf */ = {isa = PBXFileReference; lastKnownFileType = file; name = "Vingy Normal.ttf"; path = "QuizApp-IOS/Fonts/Vingy Normal.ttf"; sourceTree = SOURCE_ROOT; };
		9A55634827E56DD400997B21 /* alarm clock.ttf */ = {isa = PBXFileReference; lastKnownFileType = file; name = "alarm clock.ttf"; path = "QuizApp-IOS/Fonts/alarm clock.ttf"; sourceTree = SOURCE_ROOT; };
		9A55634A27E58B6400997B21 /* IOSHomeViewController.swift */ = {isa = PBXFileReference; lastKnownFileType = sourcecode.swift; path = IOSHomeViewController.swift; sourceTree = "<group>"; };
		9A6FD1F327E76B08009B6FB8 /* wrong-answer.wav */ = {isa = PBXFileReference; lastKnownFileType = audio.wav; path = "wrong-answer.wav"; sourceTree = "<group>"; };
		9A6FD1F427E76B08009B6FB8 /* correct-answer.mp3 */ = {isa = PBXFileReference; lastKnownFileType = audio.mp3; path = "correct-answer.mp3"; sourceTree = "<group>"; };
		9AB2C3AF27DC62D300B8E171 /* QuizApp-IOS.app */ = {isa = PBXFileReference; explicitFileType = wrapper.application; includeInIndex = 0; path = "QuizApp-IOS.app"; sourceTree = BUILT_PRODUCTS_DIR; };
		9AB2C3B227DC62D300B8E171 /* AppDelegate.swift */ = {isa = PBXFileReference; lastKnownFileType = sourcecode.swift; path = AppDelegate.swift; sourceTree = "<group>"; };
		9AB2C3B427DC62D300B8E171 /* SceneDelegate.swift */ = {isa = PBXFileReference; lastKnownFileType = sourcecode.swift; path = SceneDelegate.swift; sourceTree = "<group>"; };
		9AB2C3B627DC62D300B8E171 /* InitialViewController.swift */ = {isa = PBXFileReference; lastKnownFileType = sourcecode.swift; path = InitialViewController.swift; sourceTree = "<group>"; };
		9AB2C3B927DC62D300B8E171 /* Base */ = {isa = PBXFileReference; lastKnownFileType = file.storyboard; name = Base; path = Base.lproj/Main.storyboard; sourceTree = "<group>"; };
		9AB2C3BB27DC62D500B8E171 /* Assets.xcassets */ = {isa = PBXFileReference; lastKnownFileType = folder.assetcatalog; path = Assets.xcassets; sourceTree = "<group>"; };
		9AB2C3BE27DC62D500B8E171 /* Base */ = {isa = PBXFileReference; lastKnownFileType = file.storyboard; name = Base; path = Base.lproj/LaunchScreen.storyboard; sourceTree = "<group>"; };
		9AB2C3C027DC62D500B8E171 /* Info.plist */ = {isa = PBXFileReference; lastKnownFileType = text.plist.xml; path = Info.plist; sourceTree = "<group>"; };
		9AB2C3CB27DC6CB300B8E171 /* LoginViewController.swift */ = {isa = PBXFileReference; lastKnownFileType = sourcecode.swift; name = LoginViewController.swift; path = "QuizApp-IOS/Controllers/LoginViewController.swift"; sourceTree = SOURCE_ROOT; };
		9AB2C3CD27DC6CD800B8E171 /* SignUpViewController.swift */ = {isa = PBXFileReference; lastKnownFileType = sourcecode.swift; path = SignUpViewController.swift; sourceTree = "<group>"; };
		9AB2C3CF27DC6DF100B8E171 /* JavaViewController.swift */ = {isa = PBXFileReference; lastKnownFileType = sourcecode.swift; path = JavaViewController.swift; sourceTree = "<group>"; };
		9AB2C3D127DC6E0100B8E171 /* IOSViewController.swift */ = {isa = PBXFileReference; lastKnownFileType = sourcecode.swift; path = IOSViewController.swift; sourceTree = "<group>"; };
		9AB2C3D327DC6E1500B8E171 /* AndroidViewController.swift */ = {isa = PBXFileReference; lastKnownFileType = sourcecode.swift; path = AndroidViewController.swift; sourceTree = "<group>"; };
		9AB2C3D527DC6E3C00B8E171 /* AdminHomeViewController.swift */ = {isa = PBXFileReference; lastKnownFileType = sourcecode.swift; path = AdminHomeViewController.swift; sourceTree = "<group>"; };
		C240893427E8A88A001981A7 /* Quiz_Editor.swift */ = {isa = PBXFileReference; lastKnownFileType = sourcecode.swift; path = Quiz_Editor.swift; sourceTree = "<group>"; };
/* End PBXFileReference section */

/* Begin PBXFrameworksBuildPhase section */
		9AB2C3AC27DC62D300B8E171 /* Frameworks */ = {
			isa = PBXFrameworksBuildPhase;
			buildActionMask = 2147483647;
			files = (
			);
			runOnlyForDeploymentPostprocessing = 0;
		};
/* End PBXFrameworksBuildPhase section */

/* Begin PBXGroup section */
		7F65178D27DFB770008C635E /* Helpers */ = {
			isa = PBXGroup;
			children = (
				7F65178E27DFB78F008C635E /* Helpers.swift */,
				7F65179827DFCD40008C635E /* Utilities.swift */,
				7F6517A227DFE970008C635E /* Constants.swift */,
			);
			path = Helpers;
			sourceTree = "<group>";
		};
		7F65183627E3848B008C635E /* Managers */ = {
			isa = PBXGroup;
			children = (
				7F65183727E3849D008C635E /* PresenterManager.swift */,
				7F65195527E91DAA008C635E /* SessionManager.swift */,
			);
			path = Managers;
			sourceTree = "<group>";
		};
		7F65184C27E4F924008C635E /* ViewModels */ = {
			isa = PBXGroup;
			children = (
				7F65184D27E4F93F008C635E /* QuizSlide.swift */,
				7F65185127E50179008C635E /* SelectQuizCollectionViewCell.swift */,
			);
			path = ViewModels;
			sourceTree = "<group>";
		};
		84A5DB0727E4E60D00AFD467 /* DBHelp */ = {
			isa = PBXGroup;
			children = (
				84A5DB0827E4E60D00AFD467 /* UserModels.swift */,
				84A5DB0927E4E60D00AFD467 /* Login.swift */,
				84A5DB0A27E4E60D00AFD467 /* ReviewModels.swift */,
				84A5DB0B27E4E60D00AFD467 /* ScoreBoardModels.swift */,
				84A5DB0C27E4E60D00AFD467 /* TechnologyModel.swift */,
				84A5DB0D27E4E60D00AFD467 /* DBCRUD.swift */,
				84A5DB0E27E4E60D00AFD467 /* QuizModels.swift */,
				84A5DB0F27E4E60D00AFD467 /* DBInit.swift */,
				84A5DB1027E4E60D00AFD467 /* QuestionModels.swift */,
				84A5DB1127E4E60D00AFD467 /* PrizeModels.swift */,
			);
			path = DBHelp;
			sourceTree = "<group>";
		};
		9A55634527E56A8B00997B21 /* Fonts */ = {
			isa = PBXGroup;
			children = (
				9A55634627E56A9C00997B21 /* Vingy Normal.ttf */,
				9A55634827E56DD400997B21 /* alarm clock.ttf */,
			);
			path = Fonts;
			sourceTree = "<group>";
		};
		9A6FD1F227E76AD5009B6FB8 /* Sounds */ = {
			isa = PBXGroup;
			children = (
				9A6FD1F427E76B08009B6FB8 /* correct-answer.mp3 */,
				9A6FD1F327E76B08009B6FB8 /* wrong-answer.wav */,
			);
			path = Sounds;
			sourceTree = "<group>";
		};
		9AB2C3A627DC62D300B8E171 = {
			isa = PBXGroup;
			children = (
				9AB2C3B127DC62D300B8E171 /* QuizApp-IOS */,
				9AB2C3B027DC62D300B8E171 /* Products */,
			);
			sourceTree = "<group>";
		};
		9AB2C3B027DC62D300B8E171 /* Products */ = {
			isa = PBXGroup;
			children = (
				9AB2C3AF27DC62D300B8E171 /* QuizApp-IOS.app */,
			);
			name = Products;
			sourceTree = "<group>";
		};
		9AB2C3B127DC62D300B8E171 /* QuizApp-IOS */ = {
			isa = PBXGroup;
			children = (
				7F65184C27E4F924008C635E /* ViewModels */,
				9A55634527E56A8B00997B21 /* Fonts */,
				7F65183627E3848B008C635E /* Managers */,
				7F65178D27DFB770008C635E /* Helpers */,
				9AB2C3C927DC638600B8E171 /* Controllers */,
				9A6FD1F227E76AD5009B6FB8 /* Sounds */,
				9AB2C3C727DC635800B8E171 /* Views */,
				9AB2C3B227DC62D300B8E171 /* AppDelegate.swift */,
				9AB2C3B427DC62D300B8E171 /* SceneDelegate.swift */,
				84A5DB0727E4E60D00AFD467 /* DBHelp */,
				9AB2C3BB27DC62D500B8E171 /* Assets.xcassets */,
				9AB2C3C027DC62D500B8E171 /* Info.plist */,
			);
			path = "QuizApp-IOS";
			sourceTree = "<group>";
		};
		9AB2C3C727DC635800B8E171 /* Views */ = {
			isa = PBXGroup;
			children = (
				9AB2C3B827DC62D300B8E171 /* Main.storyboard */,
				9AB2C3BD27DC62D500B8E171 /* LaunchScreen.storyboard */,
			);
			path = Views;
			sourceTree = "<group>";
		};
		9AB2C3C927DC638600B8E171 /* Controllers */ = {
			isa = PBXGroup;
			children = (
				9AB2C3B627DC62D300B8E171 /* InitialViewController.swift */,
				9AB2C3CB27DC6CB300B8E171 /* LoginViewController.swift */,
				9AB2C3CD27DC6CD800B8E171 /* SignUpViewController.swift */,
				9AB2C3CF27DC6DF100B8E171 /* JavaViewController.swift */,
				9AB2C3D127DC6E0100B8E171 /* IOSViewController.swift */,
				9AB2C3D327DC6E1500B8E171 /* AndroidViewController.swift */,
				9AB2C3D527DC6E3C00B8E171 /* AdminHomeViewController.swift */,
				7F65179227DFB7CE008C635E /* LoadingViewController.swift */,
				7F65183227E37A2F008C635E /* UserHomeViewController.swift */,
				9A273DB327E6E7CF00567C9C /* QuizPageControl.swift */,
				9A55633F27E5689500997B21 /* GameOverViewController.swift */,
				9A55634A27E58B6400997B21 /* IOSHomeViewController.swift */,
				C240893427E8A88A001981A7 /* Quiz_Editor.swift */,
			);
			path = Controllers;
			sourceTree = "<group>";
		};
/* End PBXGroup section */

/* Begin PBXNativeTarget section */
		9AB2C3AE27DC62D300B8E171 /* QuizApp-IOS */ = {
			isa = PBXNativeTarget;
			buildConfigurationList = 9AB2C3C327DC62D500B8E171 /* Build configuration list for PBXNativeTarget "QuizApp-IOS" */;
			buildPhases = (
				9AB2C3AB27DC62D300B8E171 /* Sources */,
				9AB2C3AC27DC62D300B8E171 /* Frameworks */,
				9AB2C3AD27DC62D300B8E171 /* Resources */,
			);
			buildRules = (
			);
			dependencies = (
			);
			name = "QuizApp-IOS";
			productName = "QuizApp-IOS";
			productReference = 9AB2C3AF27DC62D300B8E171 /* QuizApp-IOS.app */;
			productType = "com.apple.product-type.application";
		};
/* End PBXNativeTarget section */

/* Begin PBXProject section */
		9AB2C3A727DC62D300B8E171 /* Project object */ = {
			isa = PBXProject;
			attributes = {
				BuildIndependentTargetsInParallel = 1;
				LastSwiftUpdateCheck = 1320;
				LastUpgradeCheck = 1320;
				TargetAttributes = {
					9AB2C3AE27DC62D300B8E171 = {
						CreatedOnToolsVersion = 13.2.1;
					};
				};
			};
			buildConfigurationList = 9AB2C3AA27DC62D300B8E171 /* Build configuration list for PBXProject "QuizApp-IOS" */;
			compatibilityVersion = "Xcode 12.0";
			developmentRegion = en;
			hasScannedForEncodings = 0;
			knownRegions = (
				en,
				Base,
			);
			mainGroup = 9AB2C3A627DC62D300B8E171;
			productRefGroup = 9AB2C3B027DC62D300B8E171 /* Products */;
			projectDirPath = "";
			projectRoot = "";
			targets = (
				9AB2C3AE27DC62D300B8E171 /* QuizApp-IOS */,
			);
		};
/* End PBXProject section */

/* Begin PBXResourcesBuildPhase section */
		9AB2C3AD27DC62D300B8E171 /* Resources */ = {
			isa = PBXResourcesBuildPhase;
			buildActionMask = 2147483647;
			files = (
				9AB2C3BF27DC62D500B8E171 /* LaunchScreen.storyboard in Resources */,
				9A6FD1F627E76B08009B6FB8 /* correct-answer.mp3 in Resources */,
				9A55634927E56F8A00997B21 /* alarm clock.ttf in Resources */,
				9AB2C3BC27DC62D500B8E171 /* Assets.xcassets in Resources */,
				9A55634727E56A9C00997B21 /* Vingy Normal.ttf in Resources */,
				9A6FD1F527E76B08009B6FB8 /* wrong-answer.wav in Resources */,
				9AB2C3BA27DC62D300B8E171 /* Main.storyboard in Resources */,
			);
			runOnlyForDeploymentPostprocessing = 0;
		};
/* End PBXResourcesBuildPhase section */

/* Begin PBXSourcesBuildPhase section */
		9AB2C3AB27DC62D300B8E171 /* Sources */ = {
			isa = PBXSourcesBuildPhase;
			buildActionMask = 2147483647;
			files = (
				84A5DB1927E4E60D00AFD467 /* DBInit.swift in Sources */,
				7F65178F27DFB78F008C635E /* Helpers.swift in Sources */,
				84A5DB1327E4E60D00AFD467 /* Login.swift in Sources */,
				84A5DB1A27E4E60D00AFD467 /* QuestionModels.swift in Sources */,
				9AB2C3CC27DC6CB300B8E171 /* LoginViewController.swift in Sources */,
				9A273DB427E6E7CF00567C9C /* QuizPageControl.swift in Sources */,
				84A5DB1727E4E60D00AFD467 /* DBCRUD.swift in Sources */,
				84A5DB1B27E4E60D00AFD467 /* PrizeModels.swift in Sources */,
				9AB2C3B727DC62D300B8E171 /* InitialViewController.swift in Sources */,
				7F65184E27E4F93F008C635E /* QuizSlide.swift in Sources */,
				7F65183327E37A2F008C635E /* UserHomeViewController.swift in Sources */,
				84A5DB1627E4E60D00AFD467 /* TechnologyModel.swift in Sources */,
				7F65183827E3849D008C635E /* PresenterManager.swift in Sources */,
				84A5DB1527E4E60D00AFD467 /* ScoreBoardModels.swift in Sources */,
				7F65195627E91DAB008C635E /* SessionManager.swift in Sources */,
				9A55634027E5689500997B21 /* GameOverViewController.swift in Sources */,
				9AB2C3D027DC6DF100B8E171 /* JavaViewController.swift in Sources */,
				7F65179927DFCD40008C635E /* Utilities.swift in Sources */,
				C240893527E8A88A001981A7 /* Quiz_Editor.swift in Sources */,
				9AB2C3B327DC62D300B8E171 /* AppDelegate.swift in Sources */,
				9AB2C3D227DC6E0100B8E171 /* IOSViewController.swift in Sources */,
				9AB2C3B527DC62D300B8E171 /* SceneDelegate.swift in Sources */,
				7F65185227E50179008C635E /* SelectQuizCollectionViewCell.swift in Sources */,
				84A5DB1427E4E60D00AFD467 /* ReviewModels.swift in Sources */,
				9AB2C3D627DC6E3C00B8E171 /* AdminHomeViewController.swift in Sources */,
				9AB2C3D427DC6E1500B8E171 /* AndroidViewController.swift in Sources */,
				7F6517A327DFE970008C635E /* Constants.swift in Sources */,
				84A5DB1827E4E60D00AFD467 /* QuizModels.swift in Sources */,
				9AB2C3CE27DC6CD800B8E171 /* SignUpViewController.swift in Sources */,
				84A5DB1227E4E60D00AFD467 /* UserModels.swift in Sources */,
				9A55634B27E58B6400997B21 /* IOSHomeViewController.swift in Sources */,
				7F65179327DFB7CE008C635E /* LoadingViewController.swift in Sources */,
			);
			runOnlyForDeploymentPostprocessing = 0;
		};
/* End PBXSourcesBuildPhase section */

/* Begin PBXVariantGroup section */
		9AB2C3B827DC62D300B8E171 /* Main.storyboard */ = {
			isa = PBXVariantGroup;
			children = (
				9AB2C3B927DC62D300B8E171 /* Base */,
			);
			name = Main.storyboard;
			sourceTree = "<group>";
		};
		9AB2C3BD27DC62D500B8E171 /* LaunchScreen.storyboard */ = {
			isa = PBXVariantGroup;
			children = (
				9AB2C3BE27DC62D500B8E171 /* Base */,
			);
			name = LaunchScreen.storyboard;
			sourceTree = "<group>";
		};
/* End PBXVariantGroup section */

/* Begin XCBuildConfiguration section */
		9AB2C3C127DC62D500B8E171 /* Debug */ = {
			isa = XCBuildConfiguration;
			buildSettings = {
				ALWAYS_SEARCH_USER_PATHS = NO;
				CLANG_ANALYZER_NONNULL = YES;
				CLANG_ANALYZER_NUMBER_OBJECT_CONVERSION = YES_AGGRESSIVE;
				CLANG_CXX_LANGUAGE_STANDARD = "gnu++17";
				CLANG_CXX_LIBRARY = "libc++";
				CLANG_ENABLE_MODULES = YES;
				CLANG_ENABLE_OBJC_ARC = YES;
				CLANG_ENABLE_OBJC_WEAK = YES;
				CLANG_WARN_BLOCK_CAPTURE_AUTORELEASING = YES;
				CLANG_WARN_BOOL_CONVERSION = YES;
				CLANG_WARN_COMMA = YES;
				CLANG_WARN_CONSTANT_CONVERSION = YES;
				CLANG_WARN_DEPRECATED_OBJC_IMPLEMENTATIONS = YES;
				CLANG_WARN_DIRECT_OBJC_ISA_USAGE = YES_ERROR;
				CLANG_WARN_DOCUMENTATION_COMMENTS = YES;
				CLANG_WARN_EMPTY_BODY = YES;
				CLANG_WARN_ENUM_CONVERSION = YES;
				CLANG_WARN_INFINITE_RECURSION = YES;
				CLANG_WARN_INT_CONVERSION = YES;
				CLANG_WARN_NON_LITERAL_NULL_CONVERSION = YES;
				CLANG_WARN_OBJC_IMPLICIT_RETAIN_SELF = YES;
				CLANG_WARN_OBJC_LITERAL_CONVERSION = YES;
				CLANG_WARN_OBJC_ROOT_CLASS = YES_ERROR;
				CLANG_WARN_QUOTED_INCLUDE_IN_FRAMEWORK_HEADER = YES;
				CLANG_WARN_RANGE_LOOP_ANALYSIS = YES;
				CLANG_WARN_STRICT_PROTOTYPES = YES;
				CLANG_WARN_SUSPICIOUS_MOVE = YES;
				CLANG_WARN_UNGUARDED_AVAILABILITY = YES_AGGRESSIVE;
				CLANG_WARN_UNREACHABLE_CODE = YES;
				CLANG_WARN__DUPLICATE_METHOD_MATCH = YES;
				COPY_PHASE_STRIP = NO;
				DEBUG_INFORMATION_FORMAT = dwarf;
				ENABLE_STRICT_OBJC_MSGSEND = YES;
				ENABLE_TESTABILITY = YES;
				GCC_C_LANGUAGE_STANDARD = gnu11;
				GCC_DYNAMIC_NO_PIC = NO;
				GCC_NO_COMMON_BLOCKS = YES;
				GCC_OPTIMIZATION_LEVEL = 0;
				GCC_PREPROCESSOR_DEFINITIONS = (
					"DEBUG=1",
					"$(inherited)",
				);
				GCC_WARN_64_TO_32_BIT_CONVERSION = YES;
				GCC_WARN_ABOUT_RETURN_TYPE = YES_ERROR;
				GCC_WARN_UNDECLARED_SELECTOR = YES;
				GCC_WARN_UNINITIALIZED_AUTOS = YES_AGGRESSIVE;
				GCC_WARN_UNUSED_FUNCTION = YES;
				GCC_WARN_UNUSED_VARIABLE = YES;
				IPHONEOS_DEPLOYMENT_TARGET = 15.2;
				MTL_ENABLE_DEBUG_INFO = INCLUDE_SOURCE;
				MTL_FAST_MATH = YES;
				ONLY_ACTIVE_ARCH = YES;
				SDKROOT = iphoneos;
				SWIFT_ACTIVE_COMPILATION_CONDITIONS = DEBUG;
				SWIFT_OPTIMIZATION_LEVEL = "-Onone";
			};
			name = Debug;
		};
		9AB2C3C227DC62D500B8E171 /* Release */ = {
			isa = XCBuildConfiguration;
			buildSettings = {
				ALWAYS_SEARCH_USER_PATHS = NO;
				CLANG_ANALYZER_NONNULL = YES;
				CLANG_ANALYZER_NUMBER_OBJECT_CONVERSION = YES_AGGRESSIVE;
				CLANG_CXX_LANGUAGE_STANDARD = "gnu++17";
				CLANG_CXX_LIBRARY = "libc++";
				CLANG_ENABLE_MODULES = YES;
				CLANG_ENABLE_OBJC_ARC = YES;
				CLANG_ENABLE_OBJC_WEAK = YES;
				CLANG_WARN_BLOCK_CAPTURE_AUTORELEASING = YES;
				CLANG_WARN_BOOL_CONVERSION = YES;
				CLANG_WARN_COMMA = YES;
				CLANG_WARN_CONSTANT_CONVERSION = YES;
				CLANG_WARN_DEPRECATED_OBJC_IMPLEMENTATIONS = YES;
				CLANG_WARN_DIRECT_OBJC_ISA_USAGE = YES_ERROR;
				CLANG_WARN_DOCUMENTATION_COMMENTS = YES;
				CLANG_WARN_EMPTY_BODY = YES;
				CLANG_WARN_ENUM_CONVERSION = YES;
				CLANG_WARN_INFINITE_RECURSION = YES;
				CLANG_WARN_INT_CONVERSION = YES;
				CLANG_WARN_NON_LITERAL_NULL_CONVERSION = YES;
				CLANG_WARN_OBJC_IMPLICIT_RETAIN_SELF = YES;
				CLANG_WARN_OBJC_LITERAL_CONVERSION = YES;
				CLANG_WARN_OBJC_ROOT_CLASS = YES_ERROR;
				CLANG_WARN_QUOTED_INCLUDE_IN_FRAMEWORK_HEADER = YES;
				CLANG_WARN_RANGE_LOOP_ANALYSIS = YES;
				CLANG_WARN_STRICT_PROTOTYPES = YES;
				CLANG_WARN_SUSPICIOUS_MOVE = YES;
				CLANG_WARN_UNGUARDED_AVAILABILITY = YES_AGGRESSIVE;
				CLANG_WARN_UNREACHABLE_CODE = YES;
				CLANG_WARN__DUPLICATE_METHOD_MATCH = YES;
				COPY_PHASE_STRIP = NO;
				DEBUG_INFORMATION_FORMAT = "dwarf-with-dsym";
				ENABLE_NS_ASSERTIONS = NO;
				ENABLE_STRICT_OBJC_MSGSEND = YES;
				GCC_C_LANGUAGE_STANDARD = gnu11;
				GCC_NO_COMMON_BLOCKS = YES;
				GCC_WARN_64_TO_32_BIT_CONVERSION = YES;
				GCC_WARN_ABOUT_RETURN_TYPE = YES_ERROR;
				GCC_WARN_UNDECLARED_SELECTOR = YES;
				GCC_WARN_UNINITIALIZED_AUTOS = YES_AGGRESSIVE;
				GCC_WARN_UNUSED_FUNCTION = YES;
				GCC_WARN_UNUSED_VARIABLE = YES;
				IPHONEOS_DEPLOYMENT_TARGET = 15.2;
				MTL_ENABLE_DEBUG_INFO = NO;
				MTL_FAST_MATH = YES;
				SDKROOT = iphoneos;
				SWIFT_COMPILATION_MODE = wholemodule;
				SWIFT_OPTIMIZATION_LEVEL = "-O";
				VALIDATE_PRODUCT = YES;
			};
			name = Release;
		};
		9AB2C3C427DC62D500B8E171 /* Debug */ = {
			isa = XCBuildConfiguration;
			buildSettings = {
				ASSETCATALOG_COMPILER_APPICON_NAME = AppIcon;
				ASSETCATALOG_COMPILER_GLOBAL_ACCENT_COLOR_NAME = AccentColor;
				CODE_SIGN_STYLE = Automatic;
				CURRENT_PROJECT_VERSION = 1;
				DEVELOPMENT_TEAM = L774RRX3UB;
				GENERATE_INFOPLIST_FILE = YES;
				INFOPLIST_FILE = "QuizApp-IOS/Info.plist";
				INFOPLIST_KEY_UIApplicationSupportsIndirectInputEvents = YES;
				INFOPLIST_KEY_UILaunchStoryboardName = LaunchScreen;
				INFOPLIST_KEY_UIMainStoryboardFile = Main;
				INFOPLIST_KEY_UISupportedInterfaceOrientations = UIInterfaceOrientationPortrait;
				INFOPLIST_KEY_UISupportedInterfaceOrientations_iPad = "UIInterfaceOrientationPortrait UIInterfaceOrientationPortraitUpsideDown UIInterfaceOrientationLandscapeLeft UIInterfaceOrientationLandscapeRight";
				INFOPLIST_KEY_UISupportedInterfaceOrientations_iPhone = "UIInterfaceOrientationPortrait UIInterfaceOrientationLandscapeLeft UIInterfaceOrientationLandscapeRight";
				IPHONEOS_DEPLOYMENT_TARGET = 14.4;
				LD_RUNPATH_SEARCH_PATHS = (
					"$(inherited)",
					"@executable_path/Frameworks",
				);
				MARKETING_VERSION = 1.0;
				PRODUCT_BUNDLE_IDENTIFIER = "com.azhellesumulong.QuizApp-IOS";
				PRODUCT_NAME = "$(TARGET_NAME)";
				SWIFT_EMIT_LOC_STRINGS = YES;
				SWIFT_VERSION = 5.0;
				TARGETED_DEVICE_FAMILY = 1;
			};
			name = Debug;
		};
		9AB2C3C527DC62D500B8E171 /* Release */ = {
			isa = XCBuildConfiguration;
			buildSettings = {
				ASSETCATALOG_COMPILER_APPICON_NAME = AppIcon;
				ASSETCATALOG_COMPILER_GLOBAL_ACCENT_COLOR_NAME = AccentColor;
				CODE_SIGN_STYLE = Automatic;
				CURRENT_PROJECT_VERSION = 1;
				DEVELOPMENT_TEAM = L774RRX3UB;
				GENERATE_INFOPLIST_FILE = YES;
				INFOPLIST_FILE = "QuizApp-IOS/Info.plist";
				INFOPLIST_KEY_UIApplicationSupportsIndirectInputEvents = YES;
				INFOPLIST_KEY_UILaunchStoryboardName = LaunchScreen;
				INFOPLIST_KEY_UIMainStoryboardFile = Main;
				INFOPLIST_KEY_UISupportedInterfaceOrientations = UIInterfaceOrientationPortrait;
				INFOPLIST_KEY_UISupportedInterfaceOrientations_iPad = "UIInterfaceOrientationPortrait UIInterfaceOrientationPortraitUpsideDown UIInterfaceOrientationLandscapeLeft UIInterfaceOrientationLandscapeRight";
				INFOPLIST_KEY_UISupportedInterfaceOrientations_iPhone = "UIInterfaceOrientationPortrait UIInterfaceOrientationLandscapeLeft UIInterfaceOrientationLandscapeRight";
				IPHONEOS_DEPLOYMENT_TARGET = 14.4;
				LD_RUNPATH_SEARCH_PATHS = (
					"$(inherited)",
					"@executable_path/Frameworks",
				);
				MARKETING_VERSION = 1.0;
				PRODUCT_BUNDLE_IDENTIFIER = "com.azhellesumulong.QuizApp-IOS";
				PRODUCT_NAME = "$(TARGET_NAME)";
				SWIFT_EMIT_LOC_STRINGS = YES;
				SWIFT_VERSION = 5.0;
				TARGETED_DEVICE_FAMILY = 1;
			};
			name = Release;
		};
/* End XCBuildConfiguration section */

/* Begin XCConfigurationList section */
		9AB2C3AA27DC62D300B8E171 /* Build configuration list for PBXProject "QuizApp-IOS" */ = {
			isa = XCConfigurationList;
			buildConfigurations = (
				9AB2C3C127DC62D500B8E171 /* Debug */,
				9AB2C3C227DC62D500B8E171 /* Release */,
			);
			defaultConfigurationIsVisible = 0;
			defaultConfigurationName = Release;
		};
		9AB2C3C327DC62D500B8E171 /* Build configuration list for PBXNativeTarget "QuizApp-IOS" */ = {
			isa = XCConfigurationList;
			buildConfigurations = (
				9AB2C3C427DC62D500B8E171 /* Debug */,
				9AB2C3C527DC62D500B8E171 /* Release */,
			);
			defaultConfigurationIsVisible = 0;
			defaultConfigurationName = Release;
		};
/* End XCConfigurationList section */
	};
	rootObject = 9AB2C3A727DC62D300B8E171 /* Project object */;
}
