// !$*UTF8*$!
{
	archiveVersion = 1;
	classes = {
	};
	objectVersion = 55;
	objects = {

/* Begin PBXBuildFile section */
		9AB2C3B327DC62D300B8E171 /* AppDelegate.swift in Sources */ = {isa = PBXBuildFile; fileRef = 9AB2C3B227DC62D300B8E171 /* AppDelegate.swift */; };
		9AB2C3B527DC62D300B8E171 /* SceneDelegate.swift in Sources */ = {isa = PBXBuildFile; fileRef = 9AB2C3B427DC62D300B8E171 /* SceneDelegate.swift */; };
		9AB2C3B727DC62D300B8E171 /* WelcomeViewController.swift in Sources */ = {isa = PBXBuildFile; fileRef = 9AB2C3B627DC62D300B8E171 /* WelcomeViewController.swift */; };
		9AB2C3BA27DC62D300B8E171 /* Main.storyboard in Resources */ = {isa = PBXBuildFile; fileRef = 9AB2C3B827DC62D300B8E171 /* Main.storyboard */; };
		9AB2C3BC27DC62D500B8E171 /* Assets.xcassets in Resources */ = {isa = PBXBuildFile; fileRef = 9AB2C3BB27DC62D500B8E171 /* Assets.xcassets */; };
		9AB2C3BF27DC62D500B8E171 /* LaunchScreen.storyboard in Resources */ = {isa = PBXBuildFile; fileRef = 9AB2C3BD27DC62D500B8E171 /* LaunchScreen.storyboard */; };
		9AB2C3CC27DC6CB300B8E171 /* SignInViewController.swift in Sources */ = {isa = PBXBuildFile; fileRef = 9AB2C3CB27DC6CB300B8E171 /* SignInViewController.swift */; };
		9AB2C3CE27DC6CD800B8E171 /* SignUpViewController.swift in Sources */ = {isa = PBXBuildFile; fileRef = 9AB2C3CD27DC6CD800B8E171 /* SignUpViewController.swift */; };
		9AB2C3D027DC6DF100B8E171 /* JavaViewController.swift in Sources */ = {isa = PBXBuildFile; fileRef = 9AB2C3CF27DC6DF100B8E171 /* JavaViewController.swift */; };
		9AB2C3D227DC6E0100B8E171 /* IOSViewController.swift in Sources */ = {isa = PBXBuildFile; fileRef = 9AB2C3D127DC6E0100B8E171 /* IOSViewController.swift */; };
		9AB2C3D427DC6E1500B8E171 /* AndroidViewController.swift in Sources */ = {isa = PBXBuildFile; fileRef = 9AB2C3D327DC6E1500B8E171 /* AndroidViewController.swift */; };
		9AB2C3D627DC6E3C00B8E171 /* AdministrationViewController.swift in Sources */ = {isa = PBXBuildFile; fileRef = 9AB2C3D527DC6E3C00B8E171 /* AdministrationViewController.swift */; };
		9AB2C3D827DC6E7F00B8E171 /* Globals.swift in Sources */ = {isa = PBXBuildFile; fileRef = 9AB2C3D727DC6E7F00B8E171 /* Globals.swift */; };
/* End PBXBuildFile section */

/* Begin PBXFileReference section */
		9AB2C3AF27DC62D300B8E171 /* QuizApp-IOS.app */ = {isa = PBXFileReference; explicitFileType = wrapper.application; includeInIndex = 0; path = "QuizApp-IOS.app"; sourceTree = BUILT_PRODUCTS_DIR; };
		9AB2C3B227DC62D300B8E171 /* AppDelegate.swift */ = {isa = PBXFileReference; lastKnownFileType = sourcecode.swift; path = AppDelegate.swift; sourceTree = "<group>"; };
		9AB2C3B427DC62D300B8E171 /* SceneDelegate.swift */ = {isa = PBXFileReference; lastKnownFileType = sourcecode.swift; path = SceneDelegate.swift; sourceTree = "<group>"; };
		9AB2C3B627DC62D300B8E171 /* WelcomeViewController.swift */ = {isa = PBXFileReference; lastKnownFileType = sourcecode.swift; path = WelcomeViewController.swift; sourceTree = "<group>"; };
		9AB2C3B927DC62D300B8E171 /* Base */ = {isa = PBXFileReference; lastKnownFileType = file.storyboard; name = Base; path = Base.lproj/Main.storyboard; sourceTree = "<group>"; };
		9AB2C3BB27DC62D500B8E171 /* Assets.xcassets */ = {isa = PBXFileReference; lastKnownFileType = folder.assetcatalog; path = Assets.xcassets; sourceTree = "<group>"; };
		9AB2C3BE27DC62D500B8E171 /* Base */ = {isa = PBXFileReference; lastKnownFileType = file.storyboard; name = Base; path = Base.lproj/LaunchScreen.storyboard; sourceTree = "<group>"; };
		9AB2C3C027DC62D500B8E171 /* Info.plist */ = {isa = PBXFileReference; lastKnownFileType = text.plist.xml; path = Info.plist; sourceTree = "<group>"; };
		9AB2C3CB27DC6CB300B8E171 /* SignInViewController.swift */ = {isa = PBXFileReference; lastKnownFileType = sourcecode.swift; name = SignInViewController.swift; path = "QuizApp-IOS/Controllers/SignInViewController.swift"; sourceTree = SOURCE_ROOT; };
		9AB2C3CD27DC6CD800B8E171 /* SignUpViewController.swift */ = {isa = PBXFileReference; lastKnownFileType = sourcecode.swift; path = SignUpViewController.swift; sourceTree = "<group>"; };
		9AB2C3CF27DC6DF100B8E171 /* JavaViewController.swift */ = {isa = PBXFileReference; lastKnownFileType = sourcecode.swift; path = JavaViewController.swift; sourceTree = "<group>"; };
		9AB2C3D127DC6E0100B8E171 /* IOSViewController.swift */ = {isa = PBXFileReference; lastKnownFileType = sourcecode.swift; path = IOSViewController.swift; sourceTree = "<group>"; };
		9AB2C3D327DC6E1500B8E171 /* AndroidViewController.swift */ = {isa = PBXFileReference; lastKnownFileType = sourcecode.swift; path = AndroidViewController.swift; sourceTree = "<group>"; };
		9AB2C3D527DC6E3C00B8E171 /* AdministrationViewController.swift */ = {isa = PBXFileReference; lastKnownFileType = sourcecode.swift; path = AdministrationViewController.swift; sourceTree = "<group>"; };
		9AB2C3D727DC6E7F00B8E171 /* Globals.swift */ = {isa = PBXFileReference; lastKnownFileType = sourcecode.swift; path = Globals.swift; sourceTree = "<group>"; };
/* End PBXFileReference section */

/* Begin PBXFrameworksBuildPhase section */
		9AB2C3AC27DC62D300B8E171 /* Frameworks */ = {
			isa = PBXFrameworksBuildPhase;
			buildActionMask = 2147483647;
			files = (
			);
			runOnlyForDeploymentPostprocessing = 0;
		};
/* End PBXFrameworksBuildPhase section */

/* Begin PBXGroup section */
		9AB2C3A627DC62D300B8E171 = {
			isa = PBXGroup;
			children = (
				9AB2C3B127DC62D300B8E171 /* QuizApp-IOS */,
				9AB2C3B027DC62D300B8E171 /* Products */,
			);
			sourceTree = "<group>";
		};
		9AB2C3B027DC62D300B8E171 /* Products */ = {
			isa = PBXGroup;
			children = (
				9AB2C3AF27DC62D300B8E171 /* QuizApp-IOS.app */,
			);
			name = Products;
			sourceTree = "<group>";
		};
		9AB2C3B127DC62D300B8E171 /* QuizApp-IOS */ = {
			isa = PBXGroup;
			children = (
				9AB2C3CA27DC63F500B8E171 /* Models */,
				9AB2C3C927DC638600B8E171 /* Controllers */,
				9AB2C3C727DC635800B8E171 /* Views */,
				9AB2C3B227DC62D300B8E171 /* AppDelegate.swift */,
				9AB2C3B427DC62D300B8E171 /* SceneDelegate.swift */,
				9AB2C3BB27DC62D500B8E171 /* Assets.xcassets */,
				9AB2C3C027DC62D500B8E171 /* Info.plist */,
			);
			path = "QuizApp-IOS";
			sourceTree = "<group>";
		};
		9AB2C3C727DC635800B8E171 /* Views */ = {
			isa = PBXGroup;
			children = (
				9AB2C3B827DC62D300B8E171 /* Main.storyboard */,
				9AB2C3BD27DC62D500B8E171 /* LaunchScreen.storyboard */,
			);
			path = Views;
			sourceTree = "<group>";
		};
		9AB2C3C927DC638600B8E171 /* Controllers */ = {
			isa = PBXGroup;
			children = (
				9AB2C3B627DC62D300B8E171 /* WelcomeViewController.swift */,
				9AB2C3CB27DC6CB300B8E171 /* SignInViewController.swift */,
				9AB2C3CD27DC6CD800B8E171 /* SignUpViewController.swift */,
				9AB2C3CF27DC6DF100B8E171 /* JavaViewController.swift */,
				9AB2C3D127DC6E0100B8E171 /* IOSViewController.swift */,
				9AB2C3D327DC6E1500B8E171 /* AndroidViewController.swift */,
				9AB2C3D527DC6E3C00B8E171 /* AdministrationViewController.swift */,
			);
			path = Controllers;
			sourceTree = "<group>";
		};
		9AB2C3CA27DC63F500B8E171 /* Models */ = {
			isa = PBXGroup;
			children = (
				9AB2C3D727DC6E7F00B8E171 /* Globals.swift */,
			);
			path = Models;
			sourceTree = "<group>";
		};
/* End PBXGroup section */

/* Begin PBXNativeTarget section */
		9AB2C3AE27DC62D300B8E171 /* QuizApp-IOS */ = {
			isa = PBXNativeTarget;
			buildConfigurationList = 9AB2C3C327DC62D500B8E171 /* Build configuration list for PBXNativeTarget "QuizApp-IOS" */;
			buildPhases = (
				9AB2C3AB27DC62D300B8E171 /* Sources */,
				9AB2C3AC27DC62D300B8E171 /* Frameworks */,
				9AB2C3AD27DC62D300B8E171 /* Resources */,
			);
			buildRules = (
			);
			dependencies = (
			);
			name = "QuizApp-IOS";
			productName = "QuizApp-IOS";
			productReference = 9AB2C3AF27DC62D300B8E171 /* QuizApp-IOS.app */;
			productType = "com.apple.product-type.application";
		};
/* End PBXNativeTarget section */

/* Begin PBXProject section */
		9AB2C3A727DC62D300B8E171 /* Project object */ = {
			isa = PBXProject;
			attributes = {
				BuildIndependentTargetsInParallel = 1;
				LastSwiftUpdateCheck = 1320;
				LastUpgradeCheck = 1320;
				TargetAttributes = {
					9AB2C3AE27DC62D300B8E171 = {
						CreatedOnToolsVersion = 13.2.1;
					};
				};
			};
			buildConfigurationList = 9AB2C3AA27DC62D300B8E171 /* Build configuration list for PBXProject "QuizApp-IOS" */;
			compatibilityVersion = "Xcode 13.0";
			developmentRegion = en;
			hasScannedForEncodings = 0;
			knownRegions = (
				en,
				Base,
			);
			mainGroup = 9AB2C3A627DC62D300B8E171;
			productRefGroup = 9AB2C3B027DC62D300B8E171 /* Products */;
			projectDirPath = "";
			projectRoot = "";
			targets = (
				9AB2C3AE27DC62D300B8E171 /* QuizApp-IOS */,
			);
		};
/* End PBXProject section */

/* Begin PBXResourcesBuildPhase section */
		9AB2C3AD27DC62D300B8E171 /* Resources */ = {
			isa = PBXResourcesBuildPhase;
			buildActionMask = 2147483647;
			files = (
				9AB2C3BF27DC62D500B8E171 /* LaunchScreen.storyboard in Resources */,
				9AB2C3BC27DC62D500B8E171 /* Assets.xcassets in Resources */,
				9AB2C3BA27DC62D300B8E171 /* Main.storyboard in Resources */,
			);
			runOnlyForDeploymentPostprocessing = 0;
		};
/* End PBXResourcesBuildPhase section */

/* Begin PBXSourcesBuildPhase section */
		9AB2C3AB27DC62D300B8E171 /* Sources */ = {
			isa = PBXSourcesBuildPhase;
			buildActionMask = 2147483647;
			files = (
				9AB2C3CC27DC6CB300B8E171 /* SignInViewController.swift in Sources */,
				9AB2C3B727DC62D300B8E171 /* WelcomeViewController.swift in Sources */,
				9AB2C3D027DC6DF100B8E171 /* JavaViewController.swift in Sources */,
				9AB2C3B327DC62D300B8E171 /* AppDelegate.swift in Sources */,
				9AB2C3D227DC6E0100B8E171 /* IOSViewController.swift in Sources */,
				9AB2C3B527DC62D300B8E171 /* SceneDelegate.swift in Sources */,
				9AB2C3D627DC6E3C00B8E171 /* AdministrationViewController.swift in Sources */,
				9AB2C3D427DC6E1500B8E171 /* AndroidViewController.swift in Sources */,
				9AB2C3D827DC6E7F00B8E171 /* Globals.swift in Sources */,
				9AB2C3CE27DC6CD800B8E171 /* SignUpViewController.swift in Sources */,
			);
			runOnlyForDeploymentPostprocessing = 0;
		};
/* End PBXSourcesBuildPhase section */

/* Begin PBXVariantGroup section */
		9AB2C3B827DC62D300B8E171 /* Main.storyboard */ = {
			isa = PBXVariantGroup;
			children = (
				9AB2C3B927DC62D300B8E171 /* Base */,
			);
			name = Main.storyboard;
			sourceTree = "<group>";
		};
		9AB2C3BD27DC62D500B8E171 /* LaunchScreen.storyboard */ = {
			isa = PBXVariantGroup;
			children = (
				9AB2C3BE27DC62D500B8E171 /* Base */,
			);
			name = LaunchScreen.storyboard;
			sourceTree = "<group>";
		};
/* End PBXVariantGroup section */

/* Begin XCBuildConfiguration section */
		9AB2C3C127DC62D500B8E171 /* Debug */ = {
			isa = XCBuildConfiguration;
			buildSettings = {
				ALWAYS_SEARCH_USER_PATHS = NO;
				CLANG_ANALYZER_NONNULL = YES;
				CLANG_ANALYZER_NUMBER_OBJECT_CONVERSION = YES_AGGRESSIVE;
				CLANG_CXX_LANGUAGE_STANDARD = "gnu++17";
				CLANG_CXX_LIBRARY = "libc++";
				CLANG_ENABLE_MODULES = YES;
				CLANG_ENABLE_OBJC_ARC = YES;
				CLANG_ENABLE_OBJC_WEAK = YES;
				CLANG_WARN_BLOCK_CAPTURE_AUTORELEASING = YES;
				CLANG_WARN_BOOL_CONVERSION = YES;
				CLANG_WARN_COMMA = YES;
				CLANG_WARN_CONSTANT_CONVERSION = YES;
				CLANG_WARN_DEPRECATED_OBJC_IMPLEMENTATIONS = YES;
				CLANG_WARN_DIRECT_OBJC_ISA_USAGE = YES_ERROR;
				CLANG_WARN_DOCUMENTATION_COMMENTS = YES;
				CLANG_WARN_EMPTY_BODY = YES;
				CLANG_WARN_ENUM_CONVERSION = YES;
				CLANG_WARN_INFINITE_RECURSION = YES;
				CLANG_WARN_INT_CONVERSION = YES;
				CLANG_WARN_NON_LITERAL_NULL_CONVERSION = YES;
				CLANG_WARN_OBJC_IMPLICIT_RETAIN_SELF = YES;
				CLANG_WARN_OBJC_LITERAL_CONVERSION = YES;
				CLANG_WARN_OBJC_ROOT_CLASS = YES_ERROR;
				CLANG_WARN_QUOTED_INCLUDE_IN_FRAMEWORK_HEADER = YES;
				CLANG_WARN_RANGE_LOOP_ANALYSIS = YES;
				CLANG_WARN_STRICT_PROTOTYPES = YES;
				CLANG_WARN_SUSPICIOUS_MOVE = YES;
				CLANG_WARN_UNGUARDED_AVAILABILITY = YES_AGGRESSIVE;
				CLANG_WARN_UNREACHABLE_CODE = YES;
				CLANG_WARN__DUPLICATE_METHOD_MATCH = YES;
				COPY_PHASE_STRIP = NO;
				DEBUG_INFORMATION_FORMAT = dwarf;
				ENABLE_STRICT_OBJC_MSGSEND = YES;
				ENABLE_TESTABILITY = YES;
				GCC_C_LANGUAGE_STANDARD = gnu11;
				GCC_DYNAMIC_NO_PIC = NO;
				GCC_NO_COMMON_BLOCKS = YES;
				GCC_OPTIMIZATION_LEVEL = 0;
				GCC_PREPROCESSOR_DEFINITIONS = (
					"DEBUG=1",
					"$(inherited)",
				);
				GCC_WARN_64_TO_32_BIT_CONVERSION = YES;
				GCC_WARN_ABOUT_RETURN_TYPE = YES_ERROR;
				GCC_WARN_UNDECLARED_SELECTOR = YES;
				GCC_WARN_UNINITIALIZED_AUTOS = YES_AGGRESSIVE;
				GCC_WARN_UNUSED_FUNCTION = YES;
				GCC_WARN_UNUSED_VARIABLE = YES;
				IPHONEOS_DEPLOYMENT_TARGET = 15.2;
				MTL_ENABLE_DEBUG_INFO = INCLUDE_SOURCE;
				MTL_FAST_MATH = YES;
				ONLY_ACTIVE_ARCH = YES;
				SDKROOT = iphoneos;
				SWIFT_ACTIVE_COMPILATION_CONDITIONS = DEBUG;
				SWIFT_OPTIMIZATION_LEVEL = "-Onone";
			};
			name = Debug;
		};
		9AB2C3C227DC62D500B8E171 /* Release */ = {
			isa = XCBuildConfiguration;
			buildSettings = {
				ALWAYS_SEARCH_USER_PATHS = NO;
				CLANG_ANALYZER_NONNULL = YES;
				CLANG_ANALYZER_NUMBER_OBJECT_CONVERSION = YES_AGGRESSIVE;
				CLANG_CXX_LANGUAGE_STANDARD = "gnu++17";
				CLANG_CXX_LIBRARY = "libc++";
				CLANG_ENABLE_MODULES = YES;
				CLANG_ENABLE_OBJC_ARC = YES;
				CLANG_ENABLE_OBJC_WEAK = YES;
				CLANG_WARN_BLOCK_CAPTURE_AUTORELEASING = YES;
				CLANG_WARN_BOOL_CONVERSION = YES;
				CLANG_WARN_COMMA = YES;
				CLANG_WARN_CONSTANT_CONVERSION = YES;
				CLANG_WARN_DEPRECATED_OBJC_IMPLEMENTATIONS = YES;
				CLANG_WARN_DIRECT_OBJC_ISA_USAGE = YES_ERROR;
				CLANG_WARN_DOCUMENTATION_COMMENTS = YES;
				CLANG_WARN_EMPTY_BODY = YES;
				CLANG_WARN_ENUM_CONVERSION = YES;
				CLANG_WARN_INFINITE_RECURSION = YES;
				CLANG_WARN_INT_CONVERSION = YES;
				CLANG_WARN_NON_LITERAL_NULL_CONVERSION = YES;
				CLANG_WARN_OBJC_IMPLICIT_RETAIN_SELF = YES;
				CLANG_WARN_OBJC_LITERAL_CONVERSION = YES;
				CLANG_WARN_OBJC_ROOT_CLASS = YES_ERROR;
				CLANG_WARN_QUOTED_INCLUDE_IN_FRAMEWORK_HEADER = YES;
				CLANG_WARN_RANGE_LOOP_ANALYSIS = YES;
				CLANG_WARN_STRICT_PROTOTYPES = YES;
				CLANG_WARN_SUSPICIOUS_MOVE = YES;
				CLANG_WARN_UNGUARDED_AVAILABILITY = YES_AGGRESSIVE;
				CLANG_WARN_UNREACHABLE_CODE = YES;
				CLANG_WARN__DUPLICATE_METHOD_MATCH = YES;
				COPY_PHASE_STRIP = NO;
				DEBUG_INFORMATION_FORMAT = "dwarf-with-dsym";
				ENABLE_NS_ASSERTIONS = NO;
				ENABLE_STRICT_OBJC_MSGSEND = YES;
				GCC_C_LANGUAGE_STANDARD = gnu11;
				GCC_NO_COMMON_BLOCKS = YES;
				GCC_WARN_64_TO_32_BIT_CONVERSION = YES;
				GCC_WARN_ABOUT_RETURN_TYPE = YES_ERROR;
				GCC_WARN_UNDECLARED_SELECTOR = YES;
				GCC_WARN_UNINITIALIZED_AUTOS = YES_AGGRESSIVE;
				GCC_WARN_UNUSED_FUNCTION = YES;
				GCC_WARN_UNUSED_VARIABLE = YES;
				IPHONEOS_DEPLOYMENT_TARGET = 15.2;
				MTL_ENABLE_DEBUG_INFO = NO;
				MTL_FAST_MATH = YES;
				SDKROOT = iphoneos;
				SWIFT_COMPILATION_MODE = wholemodule;
				SWIFT_OPTIMIZATION_LEVEL = "-O";
				VALIDATE_PRODUCT = YES;
			};
			name = Release;
		};
		9AB2C3C427DC62D500B8E171 /* Debug */ = {
			isa = XCBuildConfiguration;
			buildSettings = {
				ASSETCATALOG_COMPILER_APPICON_NAME = AppIcon;
				ASSETCATALOG_COMPILER_GLOBAL_ACCENT_COLOR_NAME = AccentColor;
				CODE_SIGN_STYLE = Automatic;
				CURRENT_PROJECT_VERSION = 1;
				DEVELOPMENT_TEAM = C76ZC5RLMX;
				GENERATE_INFOPLIST_FILE = YES;
				INFOPLIST_FILE = "QuizApp-IOS/Info.plist";
				INFOPLIST_KEY_UIApplicationSupportsIndirectInputEvents = YES;
				INFOPLIST_KEY_UILaunchStoryboardName = LaunchScreen;
				INFOPLIST_KEY_UIMainStoryboardFile = Main;
				INFOPLIST_KEY_UISupportedInterfaceOrientations = UIInterfaceOrientationPortrait;
				INFOPLIST_KEY_UISupportedInterfaceOrientations_iPad = "UIInterfaceOrientationPortrait UIInterfaceOrientationPortraitUpsideDown UIInterfaceOrientationLandscapeLeft UIInterfaceOrientationLandscapeRight";
				INFOPLIST_KEY_UISupportedInterfaceOrientations_iPhone = "UIInterfaceOrientationPortrait UIInterfaceOrientationLandscapeLeft UIInterfaceOrientationLandscapeRight";
				LD_RUNPATH_SEARCH_PATHS = (
					"$(inherited)",
					"@executable_path/Frameworks",
				);
				MARKETING_VERSION = 1.0;
				PRODUCT_BUNDLE_IDENTIFIER = "com.azhellesumulong.QuizApp-IOS";
				PRODUCT_NAME = "$(TARGET_NAME)";
				SWIFT_EMIT_LOC_STRINGS = YES;
				SWIFT_VERSION = 5.0;
				TARGETED_DEVICE_FAMILY = 1;
			};
			name = Debug;
		};
		9AB2C3C527DC62D500B8E171 /* Release */ = {
			isa = XCBuildConfiguration;
			buildSettings = {
				ASSETCATALOG_COMPILER_APPICON_NAME = AppIcon;
				ASSETCATALOG_COMPILER_GLOBAL_ACCENT_COLOR_NAME = AccentColor;
				CODE_SIGN_STYLE = Automatic;
				CURRENT_PROJECT_VERSION = 1;
				DEVELOPMENT_TEAM = C76ZC5RLMX;
				GENERATE_INFOPLIST_FILE = YES;
				INFOPLIST_FILE = "QuizApp-IOS/Info.plist";
				INFOPLIST_KEY_UIApplicationSupportsIndirectInputEvents = YES;
				INFOPLIST_KEY_UILaunchStoryboardName = LaunchScreen;
				INFOPLIST_KEY_UIMainStoryboardFile = Main;
				INFOPLIST_KEY_UISupportedInterfaceOrientations = UIInterfaceOrientationPortrait;
				INFOPLIST_KEY_UISupportedInterfaceOrientations_iPad = "UIInterfaceOrientationPortrait UIInterfaceOrientationPortraitUpsideDown UIInterfaceOrientationLandscapeLeft UIInterfaceOrientationLandscapeRight";
				INFOPLIST_KEY_UISupportedInterfaceOrientations_iPhone = "UIInterfaceOrientationPortrait UIInterfaceOrientationLandscapeLeft UIInterfaceOrientationLandscapeRight";
				LD_RUNPATH_SEARCH_PATHS = (
					"$(inherited)",
					"@executable_path/Frameworks",
				);
				MARKETING_VERSION = 1.0;
				PRODUCT_BUNDLE_IDENTIFIER = "com.azhellesumulong.QuizApp-IOS";
				PRODUCT_NAME = "$(TARGET_NAME)";
				SWIFT_EMIT_LOC_STRINGS = YES;
				SWIFT_VERSION = 5.0;
				TARGETED_DEVICE_FAMILY = 1;
			};
			name = Release;
		};
/* End XCBuildConfiguration section */

/* Begin XCConfigurationList section */
		9AB2C3AA27DC62D300B8E171 /* Build configuration list for PBXProject "QuizApp-IOS" */ = {
			isa = XCConfigurationList;
			buildConfigurations = (
				9AB2C3C127DC62D500B8E171 /* Debug */,
				9AB2C3C227DC62D500B8E171 /* Release */,
			);
			defaultConfigurationIsVisible = 0;
			defaultConfigurationName = Release;
		};
		9AB2C3C327DC62D500B8E171 /* Build configuration list for PBXNativeTarget "QuizApp-IOS" */ = {
			isa = XCConfigurationList;
			buildConfigurations = (
				9AB2C3C427DC62D500B8E171 /* Debug */,
				9AB2C3C527DC62D500B8E171 /* Release */,
			);
			defaultConfigurationIsVisible = 0;
			defaultConfigurationName = Release;
		};
/* End XCConfigurationList section */
	};
	rootObject = 9AB2C3A727DC62D300B8E171 /* Project object */;
}
